{
  "name": "learning",
  "version": "1.0.0",
  "lockfileVersion": 1,
  "requires": true,
  "dependencies": {
    "stylelint-config-htmlacademy": {
      "version": "0.1.1",
      "resolved": "https://registry.npmjs.org/stylelint-config-htmlacademy/-/stylelint-config-htmlacademy-0.1.1.tgz",
      "integrity": "sha512-+tOEQwVvH5aGgBArLnFz9QRdKbzqU1eXrM1tOmPLk0LgxlR1VS8Tsl5zLFR3B83LGdcdo9JtGcWcLYr4DSDfQg==",
      "dev": true
    }
  }
}
